Microsoft Visual Studio Solution File, Format Version 12.00
# Visual Studio 15
VisualStudioVersion = 15.0.27130.2010
MinimumVisualStudioVersion = 10.0.40219.1
Project("{2150E333-8FDC-42A3-9474-1A3956D46DE8}") = ".paket", ".paket", "{63297B98-5CED-492C-A5B7-A5B4F73CF142}"
	ProjectSection(SolutionItems) = preProject
		paket.dependencies = paket.dependencies
		paket.lock = paket.lock
	EndProjectSection
EndProject
Project("{F2A71F9B-5D33-465A-A702-920D77279786}") = "FSharpApiSearch", "src\FSharpApiSearch\FSharpApiSearch.fsproj", "{DDC5E009-4EFA-49EB-B4AA-46216D00992E}"
EndProject
Project("{2150E333-8FDC-42A3-9474-1A3956D46DE8}") = "project", "project", "{BF60BC93-E09B-4E5F-9D85-95A519479D54}"
	ProjectSection(SolutionItems) = preProject
		build.fsx = build.fsx
		README.md = README.md
		RELEASE_NOTES.md = RELEASE_NOTES.md
	EndProjectSection
EndProject
Project("{F2A71F9B-5D33-465A-A702-920D77279786}") = "FSharpApiSearch.Console", "src\FSharpApiSearch.Console\FSharpApiSearch.Console.fsproj", "{2C2F8D38-E62F-41CD-A4CC-DC5C74DF3B08}"
EndProject
Project("{F2A71F9B-5D33-465A-A702-920D77279786}") = "FSharpApiSearch.Database", "src\FSharpApiSearch.Database\FSharpApiSearch.Database.fsproj", "{161B5314-CBE0-4DF5-A627-72DC0015401D}"
EndProject
Global
	GlobalSection(SolutionConfigurationPlatforms) = preSolution
		Debug|Any CPU = Debug|Any CPU
		EngineDebug|Any CPU = EngineDebug|Any CPU
		Release|Any CPU = Release|Any CPU
	EndGlobalSection
	GlobalSection(ProjectConfigurationPlatforms) = postSolution
		{DDC5E009-4EFA-49EB-B4AA-46216D00992E}.Debug|Any CPU.ActiveCfg = Debug|Any CPU
		{DDC5E009-4EFA-49EB-B4AA-46216D00992E}.Debug|Any CPU.Build.0 = Debug|Any CPU
		{DDC5E009-4EFA-49EB-B4AA-46216D00992E}.EngineDebug|Any CPU.ActiveCfg = EngineDebug|Any CPU
		{DDC5E009-4EFA-49EB-B4AA-46216D00992E}.EngineDebug|Any CPU.Build.0 = EngineDebug|Any CPU
		{DDC5E009-4EFA-49EB-B4AA-46216D00992E}.Release|Any CPU.ActiveCfg = Release|Any CPU
		{DDC5E009-4EFA-49EB-B4AA-46216D00992E}.Release|Any CPU.Build.0 = Release|Any CPU
		{2C2F8D38-E62F-41CD-A4CC-DC5C74DF3B08}.Debug|Any CPU.ActiveCfg = Debug|Any CPU
		{2C2F8D38-E62F-41CD-A4CC-DC5C74DF3B08}.Debug|Any CPU.Build.0 = Debug|Any CPU
		{2C2F8D38-E62F-41CD-A4CC-DC5C74DF3B08}.EngineDebug|Any CPU.ActiveCfg = EngineDebug|Any CPU
		{2C2F8D38-E62F-41CD-A4CC-DC5C74DF3B08}.EngineDebug|Any CPU.Build.0 = EngineDebug|Any CPU
		{2C2F8D38-E62F-41CD-A4CC-DC5C74DF3B08}.Release|Any CPU.ActiveCfg = Release|Any CPU
		{2C2F8D38-E62F-41CD-A4CC-DC5C74DF3B08}.Release|Any CPU.Build.0 = Release|Any CPU
		{161B5314-CBE0-4DF5-A627-72DC0015401D}.Debug|Any CPU.ActiveCfg = Debug|Any CPU
		{161B5314-CBE0-4DF5-A627-72DC0015401D}.Debug|Any CPU.Build.0 = Debug|Any CPU
		{161B5314-CBE0-4DF5-A627-72DC0015401D}.EngineDebug|Any CPU.ActiveCfg = EngineDebug|Any CPU
		{161B5314-CBE0-4DF5-A627-72DC0015401D}.EngineDebug|Any CPU.Build.0 = EngineDebug|Any CPU
		{161B5314-CBE0-4DF5-A627-72DC0015401D}.Release|Any CPU.ActiveCfg = Release|Any CPU
		{161B5314-CBE0-4DF5-A627-72DC0015401D}.Release|Any CPU.Build.0 = Release|Any CPU
	EndGlobalSection
	GlobalSection(SolutionProperties) = preSolution
		HideSolutionNode = FALSE
	EndGlobalSection
	GlobalSection(ExtensibilityGlobals) = postSolution
		SolutionGuid = {5C4524B2-F097-4B90-8DC3-33CE73C535B1}
	EndGlobalSection
EndGlobal
